
Microsoft Visual Studio Solution File, Format Version 12.00
# Visual Studio 15
Project("{FAE04EC0-301F-11D3-BF4B-00C04F79EFBC}") = "Assembly-CSharp", "Assembly-CSharp.csproj", "{54BE5279-9121-688B-7DA7-5EE92DD13676}"
EndProject
Project("{FAE04EC0-301F-11D3-BF4B-00C04F79EFBC}") = "TensorFlowLite", "TensorFlowLite.csproj", "{EDC0BA53-C8F4-CE2D-C50E-8C76F2BA8F5E}"
EndProject
Project("{FAE04EC0-301F-11D3-BF4B-00C04F79EFBC}") = "Assembly-CSharp-firstpass", "Assembly-CSharp-firstpass.csproj", "{FC381E6E-2073-ACFB-3560-55C936045924}"
EndProject
Project("{FAE04EC0-301F-11D3-BF4B-00C04F79EFBC}") = "Assembly-CSharp-Editor", "Assembly-CSharp-Editor.csproj", "{CD227444-68C1-94DC-C6CC-37867EA5E2B3}"
EndProject
Global
	GlobalSection(SolutionConfigurationPlatforms) = preSolution
		Debug|Any CPU = Debug|Any CPU
		Release|Any CPU = Release|Any CPU
	EndGlobalSection
	GlobalSection(ProjectConfigurationPlatforms) = postSolution
		{54BE5279-9121-688B-7DA7-5EE92DD13676}.Debug|Any CPU.ActiveCfg = Debug|Any CPU
		{54BE5279-9121-688B-7DA7-5EE92DD13676}.Debug|Any CPU.Build.0 = Debug|Any CPU
		{54BE5279-9121-688B-7DA7-5EE92DD13676}.Release|Any CPU.ActiveCfg = Release|Any CPU
		{54BE5279-9121-688B-7DA7-5EE92DD13676}.Release|Any CPU.Build.0 = Release|Any CPU
		{EDC0BA53-C8F4-CE2D-C50E-8C76F2BA8F5E}.Debug|Any CPU.ActiveCfg = Debug|Any CPU
		{EDC0BA53-C8F4-CE2D-C50E-8C76F2BA8F5E}.Debug|Any CPU.Build.0 = Debug|Any CPU
		{EDC0BA53-C8F4-CE2D-C50E-8C76F2BA8F5E}.Release|Any CPU.ActiveCfg = Release|Any CPU
		{EDC0BA53-C8F4-CE2D-C50E-8C76F2BA8F5E}.Release|Any CPU.Build.0 = Release|Any CPU
		{FC381E6E-2073-ACFB-3560-55C936045924}.Debug|Any CPU.ActiveCfg = Debug|Any CPU
		{FC381E6E-2073-ACFB-3560-55C936045924}.Debug|Any CPU.Build.0 = Debug|Any CPU
		{FC381E6E-2073-ACFB-3560-55C936045924}.Release|Any CPU.ActiveCfg = Release|Any CPU
		{FC381E6E-2073-ACFB-3560-55C936045924}.Release|Any CPU.Build.0 = Release|Any CPU
		{CD227444-68C1-94DC-C6CC-37867EA5E2B3}.Debug|Any CPU.ActiveCfg = Debug|Any CPU
		{CD227444-68C1-94DC-C6CC-37867EA5E2B3}.Debug|Any CPU.Build.0 = Debug|Any CPU
		{CD227444-68C1-94DC-C6CC-37867EA5E2B3}.Release|Any CPU.ActiveCfg = Release|Any CPU
		{CD227444-68C1-94DC-C6CC-37867EA5E2B3}.Release|Any CPU.Build.0 = Release|Any CPU
	EndGlobalSection
	GlobalSection(SolutionProperties) = preSolution
		HideSolutionNode = FALSE
	EndGlobalSection
EndGlobal
